
Microsoft Visual Studio Solution File, Format Version 12.00
# Visual Studio Version 16
VisualStudioVersion = 16.0.30907.101
MinimumVisualStudioVersion = 10.0.40219.1
Project("{FAE04EC0-301F-11D3-BF4B-00C04F79EFBC}") = "YouTubeDownloader.UI", "YouTubeDownloader.UI\YouTubeDownloader.UI.csproj", "{09980E2A-08E4-4BCD-929E-A5D3D6ECA23D}"
EndProject
Project("{FAE04EC0-301F-11D3-BF4B-00C04F79EFBC}") = "YouTubeDownloader.DAL", "YouTubeDownloader.DAL\YouTubeDownloader.DAL.csproj", "{689216C6-0774-4D2D-A697-830B8BDB11F7}"
EndProject
Global
	GlobalSection(SolutionConfigurationPlatforms) = preSolution
		Debug|Any CPU = Debug|Any CPU
		Release|Any CPU = Release|Any CPU
	EndGlobalSection
	GlobalSection(ProjectConfigurationPlatforms) = postSolution
		{09980E2A-08E4-4BCD-929E-A5D3D6ECA23D}.Debug|Any CPU.ActiveCfg = Debug|Any CPU
		{09980E2A-08E4-4BCD-929E-A5D3D6ECA23D}.Debug|Any CPU.Build.0 = Debug|Any CPU
		{09980E2A-08E4-4BCD-929E-A5D3D6ECA23D}.Release|Any CPU.ActiveCfg = Release|Any CPU
		{09980E2A-08E4-4BCD-929E-A5D3D6ECA23D}.Release|Any CPU.Build.0 = Release|Any CPU
		{689216C6-0774-4D2D-A697-830B8BDB11F7}.Debug|Any CPU.ActiveCfg = Debug|Any CPU
		{689216C6-0774-4D2D-A697-830B8BDB11F7}.Debug|Any CPU.Build.0 = Debug|Any CPU
		{689216C6-0774-4D2D-A697-830B8BDB11F7}.Release|Any CPU.ActiveCfg = Release|Any CPU
		{689216C6-0774-4D2D-A697-830B8BDB11F7}.Release|Any CPU.Build.0 = Release|Any CPU
	EndGlobalSection
	GlobalSection(SolutionProperties) = preSolution
		HideSolutionNode = FALSE
	EndGlobalSection
	GlobalSection(ExtensibilityGlobals) = postSolution
		SolutionGuid = {7ED832F1-5AFE-4FC9-B3CF-D95B0BF312FF}
	EndGlobalSection
EndGlobal
